// !$*UTF8*$!
{
	archiveVersion = 1;
	classes = {
	};
	objectVersion = 50;
	objects = {

/* Begin PBXBuildFile section */
		EB6CF2CB20D336B200D4DF28 /* AppDelegate.swift in Sources */ = {isa = PBXBuildFile; fileRef = EB6CF2CA20D336B200D4DF28 /* AppDelegate.swift */; };
		EB6CF2CD20D336B200D4DF28 /* ViewController.swift in Sources */ = {isa = PBXBuildFile; fileRef = EB6CF2CC20D336B200D4DF28 /* ViewController.swift */; };
		EB6CF2D020D336B200D4DF28 /* Main.storyboard in Resources */ = {isa = PBXBuildFile; fileRef = EB6CF2CE20D336B200D4DF28 /* Main.storyboard */; };
		EB6CF2D220D336B300D4DF28 /* Assets.xcassets in Resources */ = {isa = PBXBuildFile; fileRef = EB6CF2D120D336B300D4DF28 /* Assets.xcassets */; };
		EB6CF2D520D336B300D4DF28 /* LaunchScreen.storyboard in Resources */ = {isa = PBXBuildFile; fileRef = EB6CF2D320D336B300D4DF28 /* LaunchScreen.storyboard */; };
		EB6CF2DD20D3375F00D4DF28 /* TriangleView.swift in Sources */ = {isa = PBXBuildFile; fileRef = EB6CF2DC20D3375F00D4DF28 /* TriangleView.swift */; };
		EB6CF2DF20D33F7600D4DF28 /* FaceView.swift in Sources */ = {isa = PBXBuildFile; fileRef = EB6CF2DE20D33F7600D4DF28 /* FaceView.swift */; };
/* End PBXBuildFile section */

/* Begin PBXFileReference section */
		EB6CF2C720D336B200D4DF28 /* ExemploDesenho.app */ = {isa = PBXFileReference; explicitFileType = wrapper.application; includeInIndex = 0; path = ExemploDesenho.app; sourceTree = BUILT_PRODUCTS_DIR; };
		EB6CF2CA20D336B200D4DF28 /* AppDelegate.swift */ = {isa = PBXFileReference; lastKnownFileType = sourcecode.swift; path = AppDelegate.swift; sourceTree = "<group>"; };
		EB6CF2CC20D336B200D4DF28 /* ViewController.swift */ = {isa = PBXFileReference; lastKnownFileType = sourcecode.swift; path = ViewController.swift; sourceTree = "<group>"; };
		EB6CF2CF20D336B200D4DF28 /* Base */ = {isa = PBXFileReference; lastKnownFileType = file.storyboard; name = Base; path = Base.lproj/Main.storyboard; sourceTree = "<group>"; };
		EB6CF2D120D336B300D4DF28 /* Assets.xcassets */ = {isa = PBXFileReference; lastKnownFileType = folder.assetcatalog; path = Assets.xcassets; sourceTree = "<group>"; };
		EB6CF2D420D336B300D4DF28 /* Base */ = {isa = PBXFileReference; lastKnownFileType = file.storyboard; name = Base; path = Base.lproj/LaunchScreen.storyboard; sourceTree = "<group>"; };
		EB6CF2D620D336B300D4DF28 /* Info.plist */ = {isa = PBXFileReference; lastKnownFileType = text.plist.xml; path = Info.plist; sourceTree = "<group>"; };
		EB6CF2DC20D3375F00D4DF28 /* TriangleView.swift */ = {isa = PBXFileReference; lastKnownFileType = sourcecode.swift; path = TriangleView.swift; sourceTree = "<group>"; };
		EB6CF2DE20D33F7600D4DF28 /* FaceView.swift */ = {isa = PBXFileReference; lastKnownFileType = sourcecode.swift; path = FaceView.swift; sourceTree = "<group>"; };
/* End PBXFileReference section */

/* Begin PBXFrameworksBuildPhase section */
		EB6CF2C420D336B200D4DF28 /* Frameworks */ = {
			isa = PBXFrameworksBuildPhase;
			buildActionMask = 2147483647;
			files = (
			);
			runOnlyForDeploymentPostprocessing = 0;
		};
/* End PBXFrameworksBuildPhase section */

/* Begin PBXGroup section */
		EB6CF2BE20D336B200D4DF28 = {
			isa = PBXGroup;
			children = (
				EB6CF2C920D336B200D4DF28 /* ExemploDesenho */,
				EB6CF2C820D336B200D4DF28 /* Products */,
			);
			sourceTree = "<group>";
		};
		EB6CF2C820D336B200D4DF28 /* Products */ = {
			isa = PBXGroup;
			children = (
				EB6CF2C720D336B200D4DF28 /* ExemploDesenho.app */,
			);
			name = Products;
			sourceTree = "<group>";
		};
		EB6CF2C920D336B200D4DF28 /* ExemploDesenho */ = {
			isa = PBXGroup;
			children = (
				EB6CF2CA20D336B200D4DF28 /* AppDelegate.swift */,
				EB6CF2CC20D336B200D4DF28 /* ViewController.swift */,
				EB6CF2CE20D336B200D4DF28 /* Main.storyboard */,
				EB6CF2D120D336B300D4DF28 /* Assets.xcassets */,
				EB6CF2D320D336B300D4DF28 /* LaunchScreen.storyboard */,
				EB6CF2D620D336B300D4DF28 /* Info.plist */,
				EB6CF2DC20D3375F00D4DF28 /* TriangleView.swift */,
				EB6CF2DE20D33F7600D4DF28 /* FaceView.swift */,
			);
			path = ExemploDesenho;
			sourceTree = "<group>";
		};
/* End PBXGroup section */

/* Begin PBXNativeTarget section */
		EB6CF2C620D336B200D4DF28 /* ExemploDesenho */ = {
			isa = PBXNativeTarget;
			buildConfigurationList = EB6CF2D920D336B300D4DF28 /* Build configuration list for PBXNativeTarget "ExemploDesenho" */;
			buildPhases = (
				EB6CF2C320D336B200D4DF28 /* Sources */,
				EB6CF2C420D336B200D4DF28 /* Frameworks */,
				EB6CF2C520D336B200D4DF28 /* Resources */,
			);
			buildRules = (
			);
			dependencies = (
			);
			name = ExemploDesenho;
			productName = ExemploDesenho;
			productReference = EB6CF2C720D336B200D4DF28 /* ExemploDesenho.app */;
			productType = "com.apple.product-type.application";
		};
/* End PBXNativeTarget section */

/* Begin PBXProject section */
		EB6CF2BF20D336B200D4DF28 /* Project object */ = {
			isa = PBXProject;
			attributes = {
				LastSwiftUpdateCheck = 0940;
				LastUpgradeCheck = 0940;
				ORGANIZATIONNAME = IESB;
				TargetAttributes = {
					EB6CF2C620D336B200D4DF28 = {
						CreatedOnToolsVersion = 9.4.1;
					};
				};
			};
			buildConfigurationList = EB6CF2C220D336B200D4DF28 /* Build configuration list for PBXProject "ExemploDesenho" */;
			compatibilityVersion = "Xcode 9.3";
			developmentRegion = en;
			hasScannedForEncodings = 0;
			knownRegions = (
				en,
				Base,
			);
			mainGroup = EB6CF2BE20D336B200D4DF28;
			productRefGroup = EB6CF2C820D336B200D4DF28 /* Products */;
			projectDirPath = "";
			projectRoot = "";
			targets = (
				EB6CF2C620D336B200D4DF28 /* ExemploDesenho */,
			);
		};
/* End PBXProject section */

/* Begin PBXResourcesBuildPhase section */
		EB6CF2C520D336B200D4DF28 /* Resources */ = {
			isa = PBXResourcesBuildPhase;
			buildActionMask = 2147483647;
			files = (
				EB6CF2D520D336B300D4DF28 /* LaunchScreen.storyboard in Resources */,
				EB6CF2D220D336B300D4DF28 /* Assets.xcassets in Resources */,
				EB6CF2D020D336B200D4DF28 /* Main.storyboard in Resources */,
			);
			runOnlyForDeploymentPostprocessing = 0;
		};
/* End PBXResourcesBuildPhase section */

/* Begin PBXSourcesBuildPhase section */
		EB6CF2C320D336B200D4DF28 /* Sources */ = {
			isa = PBXSourcesBuildPhase;
			buildActionMask = 2147483647;
			files = (
				EB6CF2CD20D336B200D4DF28 /* ViewController.swift in Sources */,
				EB6CF2DD20D3375F00D4DF28 /* TriangleView.swift in Sources */,
				EB6CF2CB20D336B200D4DF28 /* AppDelegate.swift in Sources */,
				EB6CF2DF20D33F7600D4DF28 /* FaceView.swift in Sources */,
			);
			runOnlyForDeploymentPostprocessing = 0;
		};
/* End PBXSourcesBuildPhase section */

/* Begin PBXVariantGroup section */
		EB6CF2CE20D336B200D4DF28 /* Main.storyboard */ = {
			isa = PBXVariantGroup;
			children = (
				EB6CF2CF20D336B200D4DF28 /* Base */,
			);
			name = Main.storyboard;
			sourceTree = "<group>";
		};
		EB6CF2D320D336B300D4DF28 /* LaunchScreen.storyboard */ = {
			isa = PBXVariantGroup;
			children = (
				EB6CF2D420D336B300D4DF28 /* Base */,
			);
			name = LaunchScreen.storyboard;
			sourceTree = "<group>";
		};
/* End PBXVariantGroup section */

/* Begin XCBuildConfiguration section */
		EB6CF2D720D336B300D4DF28 /* Debug */ = {
			isa = XCBuildConfiguration;
			buildSettings = {
				ALWAYS_SEARCH_USER_PATHS = NO;
				CLANG_ANALYZER_NONNULL = YES;
				CLANG_ANALYZER_NUMBER_OBJECT_CONVERSION = YES_AGGRESSIVE;
				CLANG_CXX_LANGUAGE_STANDARD = "gnu++14";
				CLANG_CXX_LIBRARY = "libc++";
				CLANG_ENABLE_MODULES = YES;
				CLANG_ENABLE_OBJC_ARC = YES;
				CLANG_ENABLE_OBJC_WEAK = YES;
				CLANG_WARN_BLOCK_CAPTURE_AUTORELEASING = YES;
				CLANG_WARN_BOOL_CONVERSION = YES;
				CLANG_WARN_COMMA = YES;
				CLANG_WARN_CONSTANT_CONVERSION = YES;
				CLANG_WARN_DEPRECATED_OBJC_IMPLEMENTATIONS = YES;
				CLANG_WARN_DIRECT_OBJC_ISA_USAGE = YES_ERROR;
				CLANG_WARN_DOCUMENTATION_COMMENTS = YES;
				CLANG_WARN_EMPTY_BODY = YES;
				CLANG_WARN_ENUM_CONVERSION = YES;
				CLANG_WARN_INFINITE_RECURSION = YES;
				CLANG_WARN_INT_CONVERSION = YES;
				CLANG_WARN_NON_LITERAL_NULL_CONVERSION = YES;
				CLANG_WARN_OBJC_IMPLICIT_RETAIN_SELF = YES;
				CLANG_WARN_OBJC_LITERAL_CONVERSION = YES;
				CLANG_WARN_OBJC_ROOT_CLASS = YES_ERROR;
				CLANG_WARN_RANGE_LOOP_ANALYSIS = YES;
				CLANG_WARN_STRICT_PROTOTYPES = YES;
				CLANG_WARN_SUSPICIOUS_MOVE = YES;
				CLANG_WARN_UNGUARDED_AVAILABILITY = YES_AGGRESSIVE;
				CLANG_WARN_UNREACHABLE_CODE = YES;
				CLANG_WARN__DUPLICATE_METHOD_MATCH = YES;
				CODE_SIGN_IDENTITY = "iPhone Developer";
				COPY_PHASE_STRIP = NO;
				DEBUG_INFORMATION_FORMAT = dwarf;
				ENABLE_STRICT_OBJC_MSGSEND = YES;
				ENABLE_TESTABILITY = YES;
				GCC_C_LANGUAGE_STANDARD = gnu11;
				GCC_DYNAMIC_NO_PIC = NO;
				GCC_NO_COMMON_BLOCKS = YES;
				GCC_OPTIMIZATION_LEVEL = 0;
				GCC_PREPROCESSOR_DEFINITIONS = (
					"DEBUG=1",
					"$(inherited)",
				);
				GCC_WARN_64_TO_32_BIT_CONVERSION = YES;
				GCC_WARN_ABOUT_RETURN_TYPE = YES_ERROR;
				GCC_WARN_UNDECLARED_SELECTOR = YES;
				GCC_WARN_UNINITIALIZED_AUTOS = YES_AGGRESSIVE;
				GCC_WARN_UNUSED_FUNCTION = YES;
				GCC_WARN_UNUSED_VARIABLE = YES;
				IPHONEOS_DEPLOYMENT_TARGET = 11.4;
				MTL_ENABLE_DEBUG_INFO = YES;
				ONLY_ACTIVE_ARCH = YES;
				SDKROOT = iphoneos;
				SWIFT_ACTIVE_COMPILATION_CONDITIONS = DEBUG;
				SWIFT_OPTIMIZATION_LEVEL = "-Onone";
			};
			name = Debug;
		};
		EB6CF2D820D336B300D4DF28 /* Release */ = {
			isa = XCBuildConfiguration;
			buildSettings = {
				ALWAYS_SEARCH_USER_PATHS = NO;
				CLANG_ANALYZER_NONNULL = YES;
				CLANG_ANALYZER_NUMBER_OBJECT_CONVERSION = YES_AGGRESSIVE;
				CLANG_CXX_LANGUAGE_STANDARD = "gnu++14";
				CLANG_CXX_LIBRARY = "libc++";
				CLANG_ENABLE_MODULES = YES;
				CLANG_ENABLE_OBJC_ARC = YES;
				CLANG_ENABLE_OBJC_WEAK = YES;
				CLANG_WARN_BLOCK_CAPTURE_AUTORELEASING = YES;
				CLANG_WARN_BOOL_CONVERSION = YES;
				CLANG_WARN_COMMA = YES;
				CLANG_WARN_CONSTANT_CONVERSION = YES;
				CLANG_WARN_DEPRECATED_OBJC_IMPLEMENTATIONS = YES;
				CLANG_WARN_DIRECT_OBJC_ISA_USAGE = YES_ERROR;
				CLANG_WARN_DOCUMENTATION_COMMENTS = YES;
				CLANG_WARN_EMPTY_BODY = YES;
				CLANG_WARN_ENUM_CONVERSION = YES;
				CLANG_WARN_INFINITE_RECURSION = YES;
				CLANG_WARN_INT_CONVERSION = YES;
				CLANG_WARN_NON_LITERAL_NULL_CONVERSION = YES;
				CLANG_WARN_OBJC_IMPLICIT_RETAIN_SELF = YES;
				CLANG_WARN_OBJC_LITERAL_CONVERSION = YES;
				CLANG_WARN_OBJC_ROOT_CLASS = YES_ERROR;
				CLANG_WARN_RANGE_LOOP_ANALYSIS = YES;
				CLANG_WARN_STRICT_PROTOTYPES = YES;
				CLANG_WARN_SUSPICIOUS_MOVE = YES;
				CLANG_WARN_UNGUARDED_AVAILABILITY = YES_AGGRESSIVE;
				CLANG_WARN_UNREACHABLE_CODE = YES;
				CLANG_WARN__DUPLICATE_METHOD_MATCH = YES;
				CODE_SIGN_IDENTITY = "iPhone Developer";
				COPY_PHASE_STRIP = NO;
				DEBUG_INFORMATION_FORMAT = "dwarf-with-dsym";
				ENABLE_NS_ASSERTIONS = NO;
				ENABLE_STRICT_OBJC_MSGSEND = YES;
				GCC_C_LANGUAGE_STANDARD = gnu11;
				GCC_NO_COMMON_BLOCKS = YES;
				GCC_WARN_64_TO_32_BIT_CONVERSION = YES;
				GCC_WARN_ABOUT_RETURN_TYPE = YES_ERROR;
				GCC_WARN_UNDECLARED_SELECTOR = YES;
				GCC_WARN_UNINITIALIZED_AUTOS = YES_AGGRESSIVE;
				GCC_WARN_UNUSED_FUNCTION = YES;
				GCC_WARN_UNUSED_VARIABLE = YES;
				IPHONEOS_DEPLOYMENT_TARGET = 11.4;
				MTL_ENABLE_DEBUG_INFO = NO;
				SDKROOT = iphoneos;
				SWIFT_COMPILATION_MODE = wholemodule;
				SWIFT_OPTIMIZATION_LEVEL = "-O";
				VALIDATE_PRODUCT = YES;
			};
			name = Release;
		};
		EB6CF2DA20D336B300D4DF28 /* Debug */ = {
			isa = XCBuildConfiguration;
			buildSettings = {
				ASSETCATALOG_COMPILER_APPICON_NAME = AppIcon;
				CODE_SIGN_STYLE = Automatic;
				INFOPLIST_FILE = ExemploDesenho/Info.plist;
				LD_RUNPATH_SEARCH_PATHS = (
					"$(inherited)",
					"@executable_path/Frameworks",
				);
				PRODUCT_BUNDLE_IDENTIFIER = br.iesb.2018a.ios.ExemploDesenho;
				PRODUCT_NAME = "$(TARGET_NAME)";
				SWIFT_VERSION = 4.0;
				TARGETED_DEVICE_FAMILY = "1,2";
			};
			name = Debug;
		};
		EB6CF2DB20D336B300D4DF28 /* Release */ = {
			isa = XCBuildConfiguration;
			buildSettings = {
				ASSETCATALOG_COMPILER_APPICON_NAME = AppIcon;
				CODE_SIGN_STYLE = Automatic;
				INFOPLIST_FILE = ExemploDesenho/Info.plist;
				LD_RUNPATH_SEARCH_PATHS = (
					"$(inherited)",
					"@executable_path/Frameworks",
				);
				PRODUCT_BUNDLE_IDENTIFIER = br.iesb.2018a.ios.ExemploDesenho;
				PRODUCT_NAME = "$(TARGET_NAME)";
				SWIFT_VERSION = 4.0;
				TARGETED_DEVICE_FAMILY = "1,2";
			};
			name = Release;
		};
/* End XCBuildConfiguration section */

/* Begin XCConfigurationList section */
		EB6CF2C220D336B200D4DF28 /* Build configuration list for PBXProject "ExemploDesenho" */ = {
			isa = XCConfigurationList;
			buildConfigurations = (
				EB6CF2D720D336B300D4DF28 /* Debug */,
				EB6CF2D820D336B300D4DF28 /* Release */,
			);
			defaultConfigurationIsVisible = 0;
			defaultConfigurationName = Release;
		};
		EB6CF2D920D336B300D4DF28 /* Build configuration list for PBXNativeTarget "ExemploDesenho" */ = {
			isa = XCConfigurationList;
			buildConfigurations = (
				EB6CF2DA20D336B300D4DF28 /* Debug */,
				EB6CF2DB20D336B300D4DF28 /* Release */,
			);
			defaultConfigurationIsVisible = 0;
			defaultConfigurationName = Release;
		};
/* End XCConfigurationList section */
	};
	rootObject = EB6CF2BF20D336B200D4DF28 /* Project object */;
}
