// !$*UTF8*$!
{
	archiveVersion = 1;
	classes = {
	};
	objectVersion = 50;
	objects = {

/* Begin PBXBuildFile section */
		533EB5E220EFBA3300ED9C58 /* AppDelegate.swift in Sources */ = {isa = PBXBuildFile; fileRef = 533EB5E120EFBA3300ED9C58 /* AppDelegate.swift */; };
		533EB5E420EFBA3300ED9C58 /* ViewController.swift in Sources */ = {isa = PBXBuildFile; fileRef = 533EB5E320EFBA3300ED9C58 /* ViewController.swift */; };
		533EB5E720EFBA3300ED9C58 /* Main.storyboard in Resources */ = {isa = PBXBuildFile; fileRef = 533EB5E520EFBA3300ED9C58 /* Main.storyboard */; };
		533EB5E920EFBA3500ED9C58 /* Assets.xcassets in Resources */ = {isa = PBXBuildFile; fileRef = 533EB5E820EFBA3500ED9C58 /* Assets.xcassets */; };
		533EB5EC20EFBA3500ED9C58 /* LaunchScreen.storyboard in Resources */ = {isa = PBXBuildFile; fileRef = 533EB5EA20EFBA3500ED9C58 /* LaunchScreen.storyboard */; };
/* End PBXBuildFile section */

/* Begin PBXContainerItemProxy section */
		533EB5F320EFBA3500ED9C58 /* PBXContainerItemProxy */ = {
			isa = PBXContainerItemProxy;
			containerPortal = 533EB5D620EFBA3200ED9C58 /* Project object */;
			proxyType = 1;
			remoteGlobalIDString = 533EB5DD20EFBA3300ED9C58;
			remoteInfo = ExercicioEmoticon;
		};
		533EB5FE20EFBA3500ED9C58 /* PBXContainerItemProxy */ = {
			isa = PBXContainerItemProxy;
			containerPortal = 533EB5D620EFBA3200ED9C58 /* Project object */;
			proxyType = 1;
			remoteGlobalIDString = 533EB5DD20EFBA3300ED9C58;
			remoteInfo = ExercicioEmoticon;
		};
/* End PBXContainerItemProxy section */

/* Begin PBXFileReference section */
		533EB5DE20EFBA3300ED9C58 /* ExercicioEmoticon.app */ = {isa = PBXFileReference; explicitFileType = wrapper.application; includeInIndex = 0; path = ExercicioEmoticon.app; sourceTree = BUILT_PRODUCTS_DIR; };
		533EB5E120EFBA3300ED9C58 /* AppDelegate.swift */ = {isa = PBXFileReference; lastKnownFileType = sourcecode.swift; path = AppDelegate.swift; sourceTree = "<group>"; };
		533EB5E320EFBA3300ED9C58 /* ViewController.swift */ = {isa = PBXFileReference; lastKnownFileType = sourcecode.swift; path = ViewController.swift; sourceTree = "<group>"; };
		533EB5E620EFBA3300ED9C58 /* Base */ = {isa = PBXFileReference; lastKnownFileType = file.storyboard; name = Base; path = Base.lproj/Main.storyboard; sourceTree = "<group>"; };
		533EB5E820EFBA3500ED9C58 /* Assets.xcassets */ = {isa = PBXFileReference; lastKnownFileType = folder.assetcatalog; path = Assets.xcassets; sourceTree = "<group>"; };
		533EB5EB20EFBA3500ED9C58 /* Base */ = {isa = PBXFileReference; lastKnownFileType = file.storyboard; name = Base; path = Base.lproj/LaunchScreen.storyboard; sourceTree = "<group>"; };
		533EB5ED20EFBA3500ED9C58 /* Info.plist */ = {isa = PBXFileReference; lastKnownFileType = text.plist.xml; path = Info.plist; sourceTree = "<group>"; };
		533EB5F220EFBA3500ED9C58 /* ExercicioEmoticonTests.xctest */ = {isa = PBXFileReference; explicitFileType = wrapper.cfbundle; includeInIndex = 0; path = ExercicioEmoticonTests.xctest; sourceTree = BUILT_PRODUCTS_DIR; };
		533EB5FD20EFBA3500ED9C58 /* ExercicioEmoticonUITests.xctest */ = {isa = PBXFileReference; explicitFileType = wrapper.cfbundle; includeInIndex = 0; path = ExercicioEmoticonUITests.xctest; sourceTree = BUILT_PRODUCTS_DIR; };
/* End PBXFileReference section */

/* Begin PBXFrameworksBuildPhase section */
		533EB5DB20EFBA3300ED9C58 /* Frameworks */ = {
			isa = PBXFrameworksBuildPhase;
			buildActionMask = 2147483647;
			files = (
			);
			runOnlyForDeploymentPostprocessing = 0;
		};
		533EB5EF20EFBA3500ED9C58 /* Frameworks */ = {
			isa = PBXFrameworksBuildPhase;
			buildActionMask = 2147483647;
			files = (
			);
			runOnlyForDeploymentPostprocessing = 0;
		};
		533EB5FA20EFBA3500ED9C58 /* Frameworks */ = {
			isa = PBXFrameworksBuildPhase;
			buildActionMask = 2147483647;
			files = (
			);
			runOnlyForDeploymentPostprocessing = 0;
		};
/* End PBXFrameworksBuildPhase section */

/* Begin PBXGroup section */
		533EB5D520EFBA3200ED9C58 = {
			isa = PBXGroup;
			children = (
				533EB5E020EFBA3300ED9C58 /* ExercicioEmoticon */,
				533EB5DF20EFBA3300ED9C58 /* Products */,
			);
			sourceTree = "<group>";
		};
		533EB5DF20EFBA3300ED9C58 /* Products */ = {
			isa = PBXGroup;
			children = (
				533EB5DE20EFBA3300ED9C58 /* ExercicioEmoticon.app */,
				533EB5F220EFBA3500ED9C58 /* ExercicioEmoticonTests.xctest */,
				533EB5FD20EFBA3500ED9C58 /* ExercicioEmoticonUITests.xctest */,
			);
			name = Products;
			sourceTree = "<group>";
		};
		533EB5E020EFBA3300ED9C58 /* ExercicioEmoticon */ = {
			isa = PBXGroup;
			children = (
				533EB5E120EFBA3300ED9C58 /* AppDelegate.swift */,
				533EB5E320EFBA3300ED9C58 /* ViewController.swift */,
				533EB5E520EFBA3300ED9C58 /* Main.storyboard */,
				533EB5E820EFBA3500ED9C58 /* Assets.xcassets */,
				533EB5EA20EFBA3500ED9C58 /* LaunchScreen.storyboard */,
				533EB5ED20EFBA3500ED9C58 /* Info.plist */,
			);
			path = ExercicioEmoticon;
			sourceTree = "<group>";
		};
/* End PBXGroup section */

/* Begin PBXNativeTarget section */
		533EB5DD20EFBA3300ED9C58 /* ExercicioEmoticon */ = {
			isa = PBXNativeTarget;
			buildConfigurationList = 533EB60620EFBA3500ED9C58 /* Build configuration list for PBXNativeTarget "ExercicioEmoticon" */;
			buildPhases = (
				533EB5DA20EFBA3300ED9C58 /* Sources */,
				533EB5DB20EFBA3300ED9C58 /* Frameworks */,
				533EB5DC20EFBA3300ED9C58 /* Resources */,
			);
			buildRules = (
			);
			dependencies = (
			);
			name = ExercicioEmoticon;
			productName = ExercicioEmoticon;
			productReference = 533EB5DE20EFBA3300ED9C58 /* ExercicioEmoticon.app */;
			productType = "com.apple.product-type.application";
		};
		533EB5F120EFBA3500ED9C58 /* ExercicioEmoticonTests */ = {
			isa = PBXNativeTarget;
			buildConfigurationList = 533EB60920EFBA3500ED9C58 /* Build configuration list for PBXNativeTarget "ExercicioEmoticonTests" */;
			buildPhases = (
				533EB5EE20EFBA3500ED9C58 /* Sources */,
				533EB5EF20EFBA3500ED9C58 /* Frameworks */,
				533EB5F020EFBA3500ED9C58 /* Resources */,
			);
			buildRules = (
			);
			dependencies = (
				533EB5F420EFBA3500ED9C58 /* PBXTargetDependency */,
			);
			name = ExercicioEmoticonTests;
			productName = ExercicioEmoticonTests;
			productReference = 533EB5F220EFBA3500ED9C58 /* ExercicioEmoticonTests.xctest */;
			productType = "com.apple.product-type.bundle.unit-test";
		};
		533EB5FC20EFBA3500ED9C58 /* ExercicioEmoticonUITests */ = {
			isa = PBXNativeTarget;
			buildConfigurationList = 533EB60C20EFBA3500ED9C58 /* Build configuration list for PBXNativeTarget "ExercicioEmoticonUITests" */;
			buildPhases = (
				533EB5F920EFBA3500ED9C58 /* Sources */,
				533EB5FA20EFBA3500ED9C58 /* Frameworks */,
				533EB5FB20EFBA3500ED9C58 /* Resources */,
			);
			buildRules = (
			);
			dependencies = (
				533EB5FF20EFBA3500ED9C58 /* PBXTargetDependency */,
			);
			name = ExercicioEmoticonUITests;
			productName = ExercicioEmoticonUITests;
			productReference = 533EB5FD20EFBA3500ED9C58 /* ExercicioEmoticonUITests.xctest */;
			productType = "com.apple.product-type.bundle.ui-testing";
		};
/* End PBXNativeTarget section */

/* Begin PBXProject section */
		533EB5D620EFBA3200ED9C58 /* Project object */ = {
			isa = PBXProject;
			attributes = {
				LastSwiftUpdateCheck = 0940;
				LastUpgradeCheck = 0940;
				ORGANIZATIONNAME = "Rafael Theodoro";
				TargetAttributes = {
					533EB5DD20EFBA3300ED9C58 = {
						CreatedOnToolsVersion = 9.4.1;
					};
					533EB5F120EFBA3500ED9C58 = {
						CreatedOnToolsVersion = 9.4.1;
						TestTargetID = 533EB5DD20EFBA3300ED9C58;
					};
					533EB5FC20EFBA3500ED9C58 = {
						CreatedOnToolsVersion = 9.4.1;
						TestTargetID = 533EB5DD20EFBA3300ED9C58;
					};
				};
			};
			buildConfigurationList = 533EB5D920EFBA3200ED9C58 /* Build configuration list for PBXProject "ExercicioEmoticon" */;
			compatibilityVersion = "Xcode 9.3";
			developmentRegion = en;
			hasScannedForEncodings = 0;
			knownRegions = (
				en,
				Base,
			);
			mainGroup = 533EB5D520EFBA3200ED9C58;
			productRefGroup = 533EB5DF20EFBA3300ED9C58 /* Products */;
			projectDirPath = "";
			projectRoot = "";
			targets = (
				533EB5DD20EFBA3300ED9C58 /* ExercicioEmoticon */,
				533EB5F120EFBA3500ED9C58 /* ExercicioEmoticonTests */,
				533EB5FC20EFBA3500ED9C58 /* ExercicioEmoticonUITests */,
			);
		};
/* End PBXProject section */

/* Begin PBXResourcesBuildPhase section */
		533EB5DC20EFBA3300ED9C58 /* Resources */ = {
			isa = PBXResourcesBuildPhase;
			buildActionMask = 2147483647;
			files = (
				533EB5EC20EFBA3500ED9C58 /* LaunchScreen.storyboard in Resources */,
				533EB5E920EFBA3500ED9C58 /* Assets.xcassets in Resources */,
				533EB5E720EFBA3300ED9C58 /* Main.storyboard in Resources */,
			);
			runOnlyForDeploymentPostprocessing = 0;
		};
		533EB5F020EFBA3500ED9C58 /* Resources */ = {
			isa = PBXResourcesBuildPhase;
			buildActionMask = 2147483647;
			files = (
			);
			runOnlyForDeploymentPostprocessing = 0;
		};
		533EB5FB20EFBA3500ED9C58 /* Resources */ = {
			isa = PBXResourcesBuildPhase;
			buildActionMask = 2147483647;
			files = (
			);
			runOnlyForDeploymentPostprocessing = 0;
		};
/* End PBXResourcesBuildPhase section */

/* Begin PBXSourcesBuildPhase section */
		533EB5DA20EFBA3300ED9C58 /* Sources */ = {
			isa = PBXSourcesBuildPhase;
			buildActionMask = 2147483647;
			files = (
				533EB5E420EFBA3300ED9C58 /* ViewController.swift in Sources */,
				533EB5E220EFBA3300ED9C58 /* AppDelegate.swift in Sources */,
			);
			runOnlyForDeploymentPostprocessing = 0;
		};
		533EB5EE20EFBA3500ED9C58 /* Sources */ = {
			isa = PBXSourcesBuildPhase;
			buildActionMask = 2147483647;
			files = (
			);
			runOnlyForDeploymentPostprocessing = 0;
		};
		533EB5F920EFBA3500ED9C58 /* Sources */ = {
			isa = PBXSourcesBuildPhase;
			buildActionMask = 2147483647;
			files = (
			);
			runOnlyForDeploymentPostprocessing = 0;
		};
/* End PBXSourcesBuildPhase section */

/* Begin PBXTargetDependency section */
		533EB5F420EFBA3500ED9C58 /* PBXTargetDependency */ = {
			isa = PBXTargetDependency;
			target = 533EB5DD20EFBA3300ED9C58 /* ExercicioEmoticon */;
			targetProxy = 533EB5F320EFBA3500ED9C58 /* PBXContainerItemProxy */;
		};
		533EB5FF20EFBA3500ED9C58 /* PBXTargetDependency */ = {
			isa = PBXTargetDependency;
			target = 533EB5DD20EFBA3300ED9C58 /* ExercicioEmoticon */;
			targetProxy = 533EB5FE20EFBA3500ED9C58 /* PBXContainerItemProxy */;
		};
/* End PBXTargetDependency section */

/* Begin PBXVariantGroup section */
		533EB5E520EFBA3300ED9C58 /* Main.storyboard */ = {
			isa = PBXVariantGroup;
			children = (
				533EB5E620EFBA3300ED9C58 /* Base */,
			);
			name = Main.storyboard;
			sourceTree = "<group>";
		};
		533EB5EA20EFBA3500ED9C58 /* LaunchScreen.storyboard */ = {
			isa = PBXVariantGroup;
			children = (
				533EB5EB20EFBA3500ED9C58 /* Base */,
			);
			name = LaunchScreen.storyboard;
			sourceTree = "<group>";
		};
/* End PBXVariantGroup section */

/* Begin XCBuildConfiguration section */
		533EB60420EFBA3500ED9C58 /* Debug */ = {
			isa = XCBuildConfiguration;
			buildSettings = {
				ALWAYS_SEARCH_USER_PATHS = NO;
				CLANG_ANALYZER_NONNULL = YES;
				CLANG_ANALYZER_NUMBER_OBJECT_CONVERSION = YES_AGGRESSIVE;
				CLANG_CXX_LANGUAGE_STANDARD = "gnu++14";
				CLANG_CXX_LIBRARY = "libc++";
				CLANG_ENABLE_MODULES = YES;
				CLANG_ENABLE_OBJC_ARC = YES;
				CLANG_ENABLE_OBJC_WEAK = YES;
				CLANG_WARN_BLOCK_CAPTURE_AUTORELEASING = YES;
				CLANG_WARN_BOOL_CONVERSION = YES;
				CLANG_WARN_COMMA = YES;
				CLANG_WARN_CONSTANT_CONVERSION = YES;
				CLANG_WARN_DEPRECATED_OBJC_IMPLEMENTATIONS = YES;
				CLANG_WARN_DIRECT_OBJC_ISA_USAGE = YES_ERROR;
				CLANG_WARN_DOCUMENTATION_COMMENTS = YES;
				CLANG_WARN_EMPTY_BODY = YES;
				CLANG_WARN_ENUM_CONVERSION = YES;
				CLANG_WARN_INFINITE_RECURSION = YES;
				CLANG_WARN_INT_CONVERSION = YES;
				CLANG_WARN_NON_LITERAL_NULL_CONVERSION = YES;
				CLANG_WARN_OBJC_IMPLICIT_RETAIN_SELF = YES;
				CLANG_WARN_OBJC_LITERAL_CONVERSION = YES;
				CLANG_WARN_OBJC_ROOT_CLASS = YES_ERROR;
				CLANG_WARN_RANGE_LOOP_ANALYSIS = YES;
				CLANG_WARN_STRICT_PROTOTYPES = YES;
				CLANG_WARN_SUSPICIOUS_MOVE = YES;
				CLANG_WARN_UNGUARDED_AVAILABILITY = YES_AGGRESSIVE;
				CLANG_WARN_UNREACHABLE_CODE = YES;
				CLANG_WARN__DUPLICATE_METHOD_MATCH = YES;
				CODE_SIGN_IDENTITY = "iPhone Developer";
				COPY_PHASE_STRIP = NO;
				DEBUG_INFORMATION_FORMAT = dwarf;
				ENABLE_STRICT_OBJC_MSGSEND = YES;
				ENABLE_TESTABILITY = YES;
				GCC_C_LANGUAGE_STANDARD = gnu11;
				GCC_DYNAMIC_NO_PIC = NO;
				GCC_NO_COMMON_BLOCKS = YES;
				GCC_OPTIMIZATION_LEVEL = 0;
				GCC_PREPROCESSOR_DEFINITIONS = (
					"DEBUG=1",
					"$(inherited)",
				);
				GCC_WARN_64_TO_32_BIT_CONVERSION = YES;
				GCC_WARN_ABOUT_RETURN_TYPE = YES_ERROR;
				GCC_WARN_UNDECLARED_SELECTOR = YES;
				GCC_WARN_UNINITIALIZED_AUTOS = YES_AGGRESSIVE;
				GCC_WARN_UNUSED_FUNCTION = YES;
				GCC_WARN_UNUSED_VARIABLE = YES;
				IPHONEOS_DEPLOYMENT_TARGET = 11.4;
				MTL_ENABLE_DEBUG_INFO = YES;
				ONLY_ACTIVE_ARCH = YES;
				SDKROOT = iphoneos;
				SWIFT_ACTIVE_COMPILATION_CONDITIONS = DEBUG;
				SWIFT_OPTIMIZATION_LEVEL = "-Onone";
			};
			name = Debug;
		};
		533EB60520EFBA3500ED9C58 /* Release */ = {
			isa = XCBuildConfiguration;
			buildSettings = {
				ALWAYS_SEARCH_USER_PATHS = NO;
				CLANG_ANALYZER_NONNULL = YES;
				CLANG_ANALYZER_NUMBER_OBJECT_CONVERSION = YES_AGGRESSIVE;
				CLANG_CXX_LANGUAGE_STANDARD = "gnu++14";
				CLANG_CXX_LIBRARY = "libc++";
				CLANG_ENABLE_MODULES = YES;
				CLANG_ENABLE_OBJC_ARC = YES;
				CLANG_ENABLE_OBJC_WEAK = YES;
				CLANG_WARN_BLOCK_CAPTURE_AUTORELEASING = YES;
				CLANG_WARN_BOOL_CONVERSION = YES;
				CLANG_WARN_COMMA = YES;
				CLANG_WARN_CONSTANT_CONVERSION = YES;
				CLANG_WARN_DEPRECATED_OBJC_IMPLEMENTATIONS = YES;
				CLANG_WARN_DIRECT_OBJC_ISA_USAGE = YES_ERROR;
				CLANG_WARN_DOCUMENTATION_COMMENTS = YES;
				CLANG_WARN_EMPTY_BODY = YES;
				CLANG_WARN_ENUM_CONVERSION = YES;
				CLANG_WARN_INFINITE_RECURSION = YES;
				CLANG_WARN_INT_CONVERSION = YES;
				CLANG_WARN_NON_LITERAL_NULL_CONVERSION = YES;
				CLANG_WARN_OBJC_IMPLICIT_RETAIN_SELF = YES;
				CLANG_WARN_OBJC_LITERAL_CONVERSION = YES;
				CLANG_WARN_OBJC_ROOT_CLASS = YES_ERROR;
				CLANG_WARN_RANGE_LOOP_ANALYSIS = YES;
				CLANG_WARN_STRICT_PROTOTYPES = YES;
				CLANG_WARN_SUSPICIOUS_MOVE = YES;
				CLANG_WARN_UNGUARDED_AVAILABILITY = YES_AGGRESSIVE;
				CLANG_WARN_UNREACHABLE_CODE = YES;
				CLANG_WARN__DUPLICATE_METHOD_MATCH = YES;
				CODE_SIGN_IDENTITY = "iPhone Developer";
				COPY_PHASE_STRIP = NO;
				DEBUG_INFORMATION_FORMAT = "dwarf-with-dsym";
				ENABLE_NS_ASSERTIONS = NO;
				ENABLE_STRICT_OBJC_MSGSEND = YES;
				GCC_C_LANGUAGE_STANDARD = gnu11;
				GCC_NO_COMMON_BLOCKS = YES;
				GCC_WARN_64_TO_32_BIT_CONVERSION = YES;
				GCC_WARN_ABOUT_RETURN_TYPE = YES_ERROR;
				GCC_WARN_UNDECLARED_SELECTOR = YES;
				GCC_WARN_UNINITIALIZED_AUTOS = YES_AGGRESSIVE;
				GCC_WARN_UNUSED_FUNCTION = YES;
				GCC_WARN_UNUSED_VARIABLE = YES;
				IPHONEOS_DEPLOYMENT_TARGET = 11.4;
				MTL_ENABLE_DEBUG_INFO = NO;
				SDKROOT = iphoneos;
				SWIFT_COMPILATION_MODE = wholemodule;
				SWIFT_OPTIMIZATION_LEVEL = "-O";
				VALIDATE_PRODUCT = YES;
			};
			name = Release;
		};
		533EB60720EFBA3500ED9C58 /* Debug */ = {
			isa = XCBuildConfiguration;
			buildSettings = {
				ASSETCATALOG_COMPILER_APPICON_NAME = AppIcon;
				CODE_SIGN_STYLE = Automatic;
				INFOPLIST_FILE = ExercicioEmoticon/Info.plist;
				LD_RUNPATH_SEARCH_PATHS = (
					"$(inherited)",
					"@executable_path/Frameworks",
				);
				PRODUCT_BUNDLE_IDENTIFIER = iesb.aulasIOS1.ExercicioEmoticon;
				PRODUCT_NAME = "$(TARGET_NAME)";
				SWIFT_VERSION = 4.0;
				TARGETED_DEVICE_FAMILY = "1,2";
			};
			name = Debug;
		};
		533EB60820EFBA3500ED9C58 /* Release */ = {
			isa = XCBuildConfiguration;
			buildSettings = {
				ASSETCATALOG_COMPILER_APPICON_NAME = AppIcon;
				CODE_SIGN_STYLE = Automatic;
				INFOPLIST_FILE = ExercicioEmoticon/Info.plist;
				LD_RUNPATH_SEARCH_PATHS = (
					"$(inherited)",
					"@executable_path/Frameworks",
				);
				PRODUCT_BUNDLE_IDENTIFIER = iesb.aulasIOS1.ExercicioEmoticon;
				PRODUCT_NAME = "$(TARGET_NAME)";
				SWIFT_VERSION = 4.0;
				TARGETED_DEVICE_FAMILY = "1,2";
			};
			name = Release;
		};
		533EB60A20EFBA3500ED9C58 /* Debug */ = {
			isa = XCBuildConfiguration;
			buildSettings = {
				ALWAYS_EMBED_SWIFT_STANDARD_LIBRARIES = YES;
				BUNDLE_LOADER = "$(TEST_HOST)";
				CODE_SIGN_STYLE = Automatic;
				INFOPLIST_FILE = ExercicioEmoticonTests/Info.plist;
				LD_RUNPATH_SEARCH_PATHS = (
					"$(inherited)",
					"@executable_path/Frameworks",
					"@loader_path/Frameworks",
				);
				PRODUCT_BUNDLE_IDENTIFIER = iesb.aulasIOS1.ExercicioEmoticonTests;
				PRODUCT_NAME = "$(TARGET_NAME)";
				SWIFT_VERSION = 4.0;
				TARGETED_DEVICE_FAMILY = "1,2";
				TEST_HOST = "$(BUILT_PRODUCTS_DIR)/ExercicioEmoticon.app/ExercicioEmoticon";
			};
			name = Debug;
		};
		533EB60B20EFBA3500ED9C58 /* Release */ = {
			isa = XCBuildConfiguration;
			buildSettings = {
				ALWAYS_EMBED_SWIFT_STANDARD_LIBRARIES = YES;
				BUNDLE_LOADER = "$(TEST_HOST)";
				CODE_SIGN_STYLE = Automatic;
				INFOPLIST_FILE = ExercicioEmoticonTests/Info.plist;
				LD_RUNPATH_SEARCH_PATHS = (
					"$(inherited)",
					"@executable_path/Frameworks",
					"@loader_path/Frameworks",
				);
				PRODUCT_BUNDLE_IDENTIFIER = iesb.aulasIOS1.ExercicioEmoticonTests;
				PRODUCT_NAME = "$(TARGET_NAME)";
				SWIFT_VERSION = 4.0;
				TARGETED_DEVICE_FAMILY = "1,2";
				TEST_HOST = "$(BUILT_PRODUCTS_DIR)/ExercicioEmoticon.app/ExercicioEmoticon";
			};
			name = Release;
		};
		533EB60D20EFBA3500ED9C58 /* Debug */ = {
			isa = XCBuildConfiguration;
			buildSettings = {
				ALWAYS_EMBED_SWIFT_STANDARD_LIBRARIES = YES;
				CODE_SIGN_STYLE = Automatic;
				INFOPLIST_FILE = ExercicioEmoticonUITests/Info.plist;
				LD_RUNPATH_SEARCH_PATHS = (
					"$(inherited)",
					"@executable_path/Frameworks",
					"@loader_path/Frameworks",
				);
				PRODUCT_BUNDLE_IDENTIFIER = iesb.aulasIOS1.ExercicioEmoticonUITests;
				PRODUCT_NAME = "$(TARGET_NAME)";
				SWIFT_VERSION = 4.0;
				TARGETED_DEVICE_FAMILY = "1,2";
				TEST_TARGET_NAME = ExercicioEmoticon;
			};
			name = Debug;
		};
		533EB60E20EFBA3500ED9C58 /* Release */ = {
			isa = XCBuildConfiguration;
			buildSettings = {
				ALWAYS_EMBED_SWIFT_STANDARD_LIBRARIES = YES;
				CODE_SIGN_STYLE = Automatic;
				INFOPLIST_FILE = ExercicioEmoticonUITests/Info.plist;
				LD_RUNPATH_SEARCH_PATHS = (
					"$(inherited)",
					"@executable_path/Frameworks",
					"@loader_path/Frameworks",
				);
				PRODUCT_BUNDLE_IDENTIFIER = iesb.aulasIOS1.ExercicioEmoticonUITests;
				PRODUCT_NAME = "$(TARGET_NAME)";
				SWIFT_VERSION = 4.0;
				TARGETED_DEVICE_FAMILY = "1,2";
				TEST_TARGET_NAME = ExercicioEmoticon;
			};
			name = Release;
		};
/* End XCBuildConfiguration section */

/* Begin XCConfigurationList section */
		533EB5D920EFBA3200ED9C58 /* Build configuration list for PBXProject "ExercicioEmoticon" */ = {
			isa = XCConfigurationList;
			buildConfigurations = (
				533EB60420EFBA3500ED9C58 /* Debug */,
				533EB60520EFBA3500ED9C58 /* Release */,
			);
			defaultConfigurationIsVisible = 0;
			defaultConfigurationName = Release;
		};
		533EB60620EFBA3500ED9C58 /* Build configuration list for PBXNativeTarget "ExercicioEmoticon" */ = {
			isa = XCConfigurationList;
			buildConfigurations = (
				533EB60720EFBA3500ED9C58 /* Debug */,
				533EB60820EFBA3500ED9C58 /* Release */,
			);
			defaultConfigurationIsVisible = 0;
			defaultConfigurationName = Release;
		};
		533EB60920EFBA3500ED9C58 /* Build configuration list for PBXNativeTarget "ExercicioEmoticonTests" */ = {
			isa = XCConfigurationList;
			buildConfigurations = (
				533EB60A20EFBA3500ED9C58 /* Debug */,
				533EB60B20EFBA3500ED9C58 /* Release */,
			);
			defaultConfigurationIsVisible = 0;
			defaultConfigurationName = Release;
		};
		533EB60C20EFBA3500ED9C58 /* Build configuration list for PBXNativeTarget "ExercicioEmoticonUITests" */ = {
			isa = XCConfigurationList;
			buildConfigurations = (
				533EB60D20EFBA3500ED9C58 /* Debug */,
				533EB60E20EFBA3500ED9C58 /* Release */,
			);
			defaultConfigurationIsVisible = 0;
			defaultConfigurationName = Release;
		};
/* End XCConfigurationList section */
	};
	rootObject = 533EB5D620EFBA3200ED9C58 /* Project object */;
}
